// !$*UTF8*$!
{
	archiveVersion = 1;
	classes = {
	};
	objectVersion = 55;
	objects = {

/* Begin PBXBuildFile section */
		CA93563228F163C4008A49C6 /* swiftUI_BasicApp.swift in Sources */ = {isa = PBXBuildFile; fileRef = CA93563128F163C4008A49C6 /* swiftUI_BasicApp.swift */; };
		CA93563428F163C4008A49C6 /* ContentView.swift in Sources */ = {isa = PBXBuildFile; fileRef = CA93563328F163C4008A49C6 /* ContentView.swift */; };
		CA93563628F163C6008A49C6 /* Assets.xcassets in Resources */ = {isa = PBXBuildFile; fileRef = CA93563528F163C6008A49C6 /* Assets.xcassets */; };
		CA93563928F163C6008A49C6 /* Preview Assets.xcassets in Resources */ = {isa = PBXBuildFile; fileRef = CA93563828F163C6008A49C6 /* Preview Assets.xcassets */; };
		CA93564328F163C7008A49C6 /* swiftUI_BasicTests.swift in Sources */ = {isa = PBXBuildFile; fileRef = CA93564228F163C7008A49C6 /* swiftUI_BasicTests.swift */; };
		CA93564D28F163C7008A49C6 /* swiftUI_BasicUITests.swift in Sources */ = {isa = PBXBuildFile; fileRef = CA93564C28F163C7008A49C6 /* swiftUI_BasicUITests.swift */; };
		CA93564F28F163C7008A49C6 /* swiftUI_BasicUITestsLaunchTests.swift in Sources */ = {isa = PBXBuildFile; fileRef = CA93564E28F163C7008A49C6 /* swiftUI_BasicUITestsLaunchTests.swift */; };
		CA93565C28F164AA008A49C6 /* TextView.swift in Sources */ = {isa = PBXBuildFile; fileRef = CA93565B28F164A9008A49C6 /* TextView.swift */; };
		CA93565E28F1651B008A49C6 /* ButtonView.swift in Sources */ = {isa = PBXBuildFile; fileRef = CA93565D28F1651B008A49C6 /* ButtonView.swift */; };
		CA93566028F1663F008A49C6 /* ImageView.swift in Sources */ = {isa = PBXBuildFile; fileRef = CA93565F28F1663F008A49C6 /* ImageView.swift */; };
/* End PBXBuildFile section */

/* Begin PBXContainerItemProxy section */
		CA93563F28F163C7008A49C6 /* PBXContainerItemProxy */ = {
			isa = PBXContainerItemProxy;
			containerPortal = CA93562628F163C4008A49C6 /* Project object */;
			proxyType = 1;
			remoteGlobalIDString = CA93562D28F163C4008A49C6;
			remoteInfo = "swiftUI-Basic";
		};
		CA93564928F163C7008A49C6 /* PBXContainerItemProxy */ = {
			isa = PBXContainerItemProxy;
			containerPortal = CA93562628F163C4008A49C6 /* Project object */;
			proxyType = 1;
			remoteGlobalIDString = CA93562D28F163C4008A49C6;
			remoteInfo = "swiftUI-Basic";
		};
/* End PBXContainerItemProxy section */

/* Begin PBXFileReference section */
		CA93562E28F163C4008A49C6 /* swiftUI-Basic.app */ = {isa = PBXFileReference; explicitFileType = wrapper.application; includeInIndex = 0; path = "swiftUI-Basic.app"; sourceTree = BUILT_PRODUCTS_DIR; };
		CA93563128F163C4008A49C6 /* swiftUI_BasicApp.swift */ = {isa = PBXFileReference; lastKnownFileType = sourcecode.swift; path = swiftUI_BasicApp.swift; sourceTree = "<group>"; };
		CA93563328F163C4008A49C6 /* ContentView.swift */ = {isa = PBXFileReference; lastKnownFileType = sourcecode.swift; path = ContentView.swift; sourceTree = "<group>"; };
		CA93563528F163C6008A49C6 /* Assets.xcassets */ = {isa = PBXFileReference; lastKnownFileType = folder.assetcatalog; path = Assets.xcassets; sourceTree = "<group>"; };
		CA93563828F163C6008A49C6 /* Preview Assets.xcassets */ = {isa = PBXFileReference; lastKnownFileType = folder.assetcatalog; path = "Preview Assets.xcassets"; sourceTree = "<group>"; };
		CA93563E28F163C7008A49C6 /* swiftUI-BasicTests.xctest */ = {isa = PBXFileReference; explicitFileType = wrapper.cfbundle; includeInIndex = 0; path = "swiftUI-BasicTests.xctest"; sourceTree = BUILT_PRODUCTS_DIR; };
		CA93564228F163C7008A49C6 /* swiftUI_BasicTests.swift */ = {isa = PBXFileReference; lastKnownFileType = sourcecode.swift; path = swiftUI_BasicTests.swift; sourceTree = "<group>"; };
		CA93564828F163C7008A49C6 /* swiftUI-BasicUITests.xctest */ = {isa = PBXFileReference; explicitFileType = wrapper.cfbundle; includeInIndex = 0; path = "swiftUI-BasicUITests.xctest"; sourceTree = BUILT_PRODUCTS_DIR; };
		CA93564C28F163C7008A49C6 /* swiftUI_BasicUITests.swift */ = {isa = PBXFileReference; lastKnownFileType = sourcecode.swift; path = swiftUI_BasicUITests.swift; sourceTree = "<group>"; };
		CA93564E28F163C7008A49C6 /* swiftUI_BasicUITestsLaunchTests.swift */ = {isa = PBXFileReference; lastKnownFileType = sourcecode.swift; path = swiftUI_BasicUITestsLaunchTests.swift; sourceTree = "<group>"; };
		CA93565B28F164A9008A49C6 /* TextView.swift */ = {isa = PBXFileReference; lastKnownFileType = sourcecode.swift; path = TextView.swift; sourceTree = "<group>"; };
		CA93565D28F1651B008A49C6 /* ButtonView.swift */ = {isa = PBXFileReference; lastKnownFileType = sourcecode.swift; path = ButtonView.swift; sourceTree = "<group>"; };
		CA93565F28F1663F008A49C6 /* ImageView.swift */ = {isa = PBXFileReference; lastKnownFileType = sourcecode.swift; path = ImageView.swift; sourceTree = "<group>"; };
/* End PBXFileReference section */

/* Begin PBXFrameworksBuildPhase section */
		CA93562B28F163C4008A49C6 /* Frameworks */ = {
			isa = PBXFrameworksBuildPhase;
			buildActionMask = 2147483647;
			files = (
			);
			runOnlyForDeploymentPostprocessing = 0;
		};
		CA93563B28F163C7008A49C6 /* Frameworks */ = {
			isa = PBXFrameworksBuildPhase;
			buildActionMask = 2147483647;
			files = (
			);
			runOnlyForDeploymentPostprocessing = 0;
		};
		CA93564528F163C7008A49C6 /* Frameworks */ = {
			isa = PBXFrameworksBuildPhase;
			buildActionMask = 2147483647;
			files = (
			);
			runOnlyForDeploymentPostprocessing = 0;
		};
/* End PBXFrameworksBuildPhase section */

/* Begin PBXGroup section */
		CA93562528F163C4008A49C6 = {
			isa = PBXGroup;
			children = (
				CA93563028F163C4008A49C6 /* swiftUI-Basic */,
				CA93564128F163C7008A49C6 /* swiftUI-BasicTests */,
				CA93564B28F163C7008A49C6 /* swiftUI-BasicUITests */,
				CA93562F28F163C4008A49C6 /* Products */,
			);
			sourceTree = "<group>";
		};
		CA93562F28F163C4008A49C6 /* Products */ = {
			isa = PBXGroup;
			children = (
				CA93562E28F163C4008A49C6 /* swiftUI-Basic.app */,
				CA93563E28F163C7008A49C6 /* swiftUI-BasicTests.xctest */,
				CA93564828F163C7008A49C6 /* swiftUI-BasicUITests.xctest */,
			);
			name = Products;
			sourceTree = "<group>";
		};
		CA93563028F163C4008A49C6 /* swiftUI-Basic */ = {
			isa = PBXGroup;
			children = (
				CA93563128F163C4008A49C6 /* swiftUI_BasicApp.swift */,
				CA93563328F163C4008A49C6 /* ContentView.swift */,
				CA93565B28F164A9008A49C6 /* TextView.swift */,
				CA93565D28F1651B008A49C6 /* ButtonView.swift */,
				CA93565F28F1663F008A49C6 /* ImageView.swift */,
				CA93563528F163C6008A49C6 /* Assets.xcassets */,
				CA93563728F163C6008A49C6 /* Preview Content */,
			);
			path = "swiftUI-Basic";
			sourceTree = "<group>";
		};
		CA93563728F163C6008A49C6 /* Preview Content */ = {
			isa = PBXGroup;
			children = (
				CA93563828F163C6008A49C6 /* Preview Assets.xcassets */,
			);
			path = "Preview Content";
			sourceTree = "<group>";
		};
		CA93564128F163C7008A49C6 /* swiftUI-BasicTests */ = {
			isa = PBXGroup;
			children = (
				CA93564228F163C7008A49C6 /* swiftUI_BasicTests.swift */,
			);
			path = "swiftUI-BasicTests";
			sourceTree = "<group>";
		};
		CA93564B28F163C7008A49C6 /* swiftUI-BasicUITests */ = {
			isa = PBXGroup;
			children = (
				CA93564C28F163C7008A49C6 /* swiftUI_BasicUITests.swift */,
				CA93564E28F163C7008A49C6 /* swiftUI_BasicUITestsLaunchTests.swift */,
			);
			path = "swiftUI-BasicUITests";
			sourceTree = "<group>";
		};
/* End PBXGroup section */

/* Begin PBXNativeTarget section */
		CA93562D28F163C4008A49C6 /* swiftUI-Basic */ = {
			isa = PBXNativeTarget;
			buildConfigurationList = CA93565228F163C7008A49C6 /* Build configuration list for PBXNativeTarget "swiftUI-Basic" */;
			buildPhases = (
				CA93562A28F163C4008A49C6 /* Sources */,
				CA93562B28F163C4008A49C6 /* Frameworks */,
				CA93562C28F163C4008A49C6 /* Resources */,
			);
			buildRules = (
			);
			dependencies = (
			);
			name = "swiftUI-Basic";
			productName = "swiftUI-Basic";
			productReference = CA93562E28F163C4008A49C6 /* swiftUI-Basic.app */;
			productType = "com.apple.product-type.application";
		};
		CA93563D28F163C7008A49C6 /* swiftUI-BasicTests */ = {
			isa = PBXNativeTarget;
			buildConfigurationList = CA93565528F163C7008A49C6 /* Build configuration list for PBXNativeTarget "swiftUI-BasicTests" */;
			buildPhases = (
				CA93563A28F163C7008A49C6 /* Sources */,
				CA93563B28F163C7008A49C6 /* Frameworks */,
				CA93563C28F163C7008A49C6 /* Resources */,
			);
			buildRules = (
			);
			dependencies = (
				CA93564028F163C7008A49C6 /* PBXTargetDependency */,
			);
			name = "swiftUI-BasicTests";
			productName = "swiftUI-BasicTests";
			productReference = CA93563E28F163C7008A49C6 /* swiftUI-BasicTests.xctest */;
			productType = "com.apple.product-type.bundle.unit-test";
		};
		CA93564728F163C7008A49C6 /* swiftUI-BasicUITests */ = {
			isa = PBXNativeTarget;
			buildConfigurationList = CA93565828F163C7008A49C6 /* Build configuration list for PBXNativeTarget "swiftUI-BasicUITests" */;
			buildPhases = (
				CA93564428F163C7008A49C6 /* Sources */,
				CA93564528F163C7008A49C6 /* Frameworks */,
				CA93564628F163C7008A49C6 /* Resources */,
			);
			buildRules = (
			);
			dependencies = (
				CA93564A28F163C7008A49C6 /* PBXTargetDependency */,
			);
			name = "swiftUI-BasicUITests";
			productName = "swiftUI-BasicUITests";
			productReference = CA93564828F163C7008A49C6 /* swiftUI-BasicUITests.xctest */;
			productType = "com.apple.product-type.bundle.ui-testing";
		};
/* End PBXNativeTarget section */

/* Begin PBXProject section */
		CA93562628F163C4008A49C6 /* Project object */ = {
			isa = PBXProject;
			attributes = {
				BuildIndependentTargetsInParallel = 1;
				LastSwiftUpdateCheck = 1340;
				LastUpgradeCheck = 1340;
				TargetAttributes = {
					CA93562D28F163C4008A49C6 = {
						CreatedOnToolsVersion = 13.4.1;
					};
					CA93563D28F163C7008A49C6 = {
						CreatedOnToolsVersion = 13.4.1;
						TestTargetID = CA93562D28F163C4008A49C6;
					};
					CA93564728F163C7008A49C6 = {
						CreatedOnToolsVersion = 13.4.1;
						TestTargetID = CA93562D28F163C4008A49C6;
					};
				};
			};
			buildConfigurationList = CA93562928F163C4008A49C6 /* Build configuration list for PBXProject "swiftUI-Basic" */;
			compatibilityVersion = "Xcode 13.0";
			developmentRegion = en;
			hasScannedForEncodings = 0;
			knownRegions = (
				en,
				Base,
			);
			mainGroup = CA93562528F163C4008A49C6;
			productRefGroup = CA93562F28F163C4008A49C6 /* Products */;
			projectDirPath = "";
			projectRoot = "";
			targets = (
				CA93562D28F163C4008A49C6 /* swiftUI-Basic */,
				CA93563D28F163C7008A49C6 /* swiftUI-BasicTests */,
				CA93564728F163C7008A49C6 /* swiftUI-BasicUITests */,
			);
		};
/* End PBXProject section */

/* Begin PBXResourcesBuildPhase section */
		CA93562C28F163C4008A49C6 /* Resources */ = {
			isa = PBXResourcesBuildPhase;
			buildActionMask = 2147483647;
			files = (
				CA93563928F163C6008A49C6 /* Preview Assets.xcassets in Resources */,
				CA93563628F163C6008A49C6 /* Assets.xcassets in Resources */,
			);
			runOnlyForDeploymentPostprocessing = 0;
		};
		CA93563C28F163C7008A49C6 /* Resources */ = {
			isa = PBXResourcesBuildPhase;
			buildActionMask = 2147483647;
			files = (
			);
			runOnlyForDeploymentPostprocessing = 0;
		};
		CA93564628F163C7008A49C6 /* Resources */ = {
			isa = PBXResourcesBuildPhase;
			buildActionMask = 2147483647;
			files = (
			);
			runOnlyForDeploymentPostprocessing = 0;
		};
/* End PBXResourcesBuildPhase section */

/* Begin PBXSourcesBuildPhase section */
		CA93562A28F163C4008A49C6 /* Sources */ = {
			isa = PBXSourcesBuildPhase;
			buildActionMask = 2147483647;
			files = (
				CA93566028F1663F008A49C6 /* ImageView.swift in Sources */,
				CA93565C28F164AA008A49C6 /* TextView.swift in Sources */,
				CA93563428F163C4008A49C6 /* ContentView.swift in Sources */,
				CA93565E28F1651B008A49C6 /* ButtonView.swift in Sources */,
				CA93563228F163C4008A49C6 /* swiftUI_BasicApp.swift in Sources */,
			);
			runOnlyForDeploymentPostprocessing = 0;
		};
		CA93563A28F163C7008A49C6 /* Sources */ = {
			isa = PBXSourcesBuildPhase;
			buildActionMask = 2147483647;
			files = (
				CA93564328F163C7008A49C6 /* swiftUI_BasicTests.swift in Sources */,
			);
			runOnlyForDeploymentPostprocessing = 0;
		};
		CA93564428F163C7008A49C6 /* Sources */ = {
			isa = PBXSourcesBuildPhase;
			buildActionMask = 2147483647;
			files = (
				CA93564D28F163C7008A49C6 /* swiftUI_BasicUITests.swift in Sources */,
				CA93564F28F163C7008A49C6 /* swiftUI_BasicUITestsLaunchTests.swift in Sources */,
			);
			runOnlyForDeploymentPostprocessing = 0;
		};
/* End PBXSourcesBuildPhase section */

/* Begin PBXTargetDependency section */
		CA93564028F163C7008A49C6 /* PBXTargetDependency */ = {
			isa = PBXTargetDependency;
			target = CA93562D28F163C4008A49C6 /* swiftUI-Basic */;
			targetProxy = CA93563F28F163C7008A49C6 /* PBXContainerItemProxy */;
		};
		CA93564A28F163C7008A49C6 /* PBXTargetDependency */ = {
			isa = PBXTargetDependency;
			target = CA93562D28F163C4008A49C6 /* swiftUI-Basic */;
			targetProxy = CA93564928F163C7008A49C6 /* PBXContainerItemProxy */;
		};
/* End PBXTargetDependency section */

/* Begin XCBuildConfiguration section */
		CA93565028F163C7008A49C6 /* Debug */ = {
			isa = XCBuildConfiguration;
			buildSettings = {
				ALWAYS_SEARCH_USER_PATHS = NO;
				CLANG_ANALYZER_NONNULL = YES;
				CLANG_ANALYZER_NUMBER_OBJECT_CONVERSION = YES_AGGRESSIVE;
				CLANG_CXX_LANGUAGE_STANDARD = "gnu++17";
				CLANG_ENABLE_MODULES = YES;
				CLANG_ENABLE_OBJC_ARC = YES;
				CLANG_ENABLE_OBJC_WEAK = YES;
				CLANG_WARN_BLOCK_CAPTURE_AUTORELEASING = YES;
				CLANG_WARN_BOOL_CONVERSION = YES;
				CLANG_WARN_COMMA = YES;
				CLANG_WARN_CONSTANT_CONVERSION = YES;
				CLANG_WARN_DEPRECATED_OBJC_IMPLEMENTATIONS = YES;
				CLANG_WARN_DIRECT_OBJC_ISA_USAGE = YES_ERROR;
				CLANG_WARN_DOCUMENTATION_COMMENTS = YES;
				CLANG_WARN_EMPTY_BODY = YES;
				CLANG_WARN_ENUM_CONVERSION = YES;
				CLANG_WARN_INFINITE_RECURSION = YES;
				CLANG_WARN_INT_CONVERSION = YES;
				CLANG_WARN_NON_LITERAL_NULL_CONVERSION = YES;
				CLANG_WARN_OBJC_IMPLICIT_RETAIN_SELF = YES;
				CLANG_WARN_OBJC_LITERAL_CONVERSION = YES;
				CLANG_WARN_OBJC_ROOT_CLASS = YES_ERROR;
				CLANG_WARN_QUOTED_INCLUDE_IN_FRAMEWORK_HEADER = YES;
				CLANG_WARN_RANGE_LOOP_ANALYSIS = YES;
				CLANG_WARN_STRICT_PROTOTYPES = YES;
				CLANG_WARN_SUSPICIOUS_MOVE = YES;
				CLANG_WARN_UNGUARDED_AVAILABILITY = YES_AGGRESSIVE;
				CLANG_WARN_UNREACHABLE_CODE = YES;
				CLANG_WARN__DUPLICATE_METHOD_MATCH = YES;
				COPY_PHASE_STRIP = NO;
				DEBUG_INFORMATION_FORMAT = dwarf;
				ENABLE_STRICT_OBJC_MSGSEND = YES;
				ENABLE_TESTABILITY = YES;
				GCC_C_LANGUAGE_STANDARD = gnu11;
				GCC_DYNAMIC_NO_PIC = NO;
				GCC_NO_COMMON_BLOCKS = YES;
				GCC_OPTIMIZATION_LEVEL = 0;
				GCC_PREPROCESSOR_DEFINITIONS = (
					"DEBUG=1",
					"$(inherited)",
				);
				GCC_WARN_64_TO_32_BIT_CONVERSION = YES;
				GCC_WARN_ABOUT_RETURN_TYPE = YES_ERROR;
				GCC_WARN_UNDECLARED_SELECTOR = YES;
				GCC_WARN_UNINITIALIZED_AUTOS = YES_AGGRESSIVE;
				GCC_WARN_UNUSED_FUNCTION = YES;
				GCC_WARN_UNUSED_VARIABLE = YES;
				IPHONEOS_DEPLOYMENT_TARGET = 15.5;
				MTL_ENABLE_DEBUG_INFO = INCLUDE_SOURCE;
				MTL_FAST_MATH = YES;
				ONLY_ACTIVE_ARCH = YES;
				SDKROOT = iphoneos;
				SWIFT_ACTIVE_COMPILATION_CONDITIONS = DEBUG;
				SWIFT_OPTIMIZATION_LEVEL = "-Onone";
			};
			name = Debug;
		};
		CA93565128F163C7008A49C6 /* Release */ = {
			isa = XCBuildConfiguration;
			buildSettings = {
				ALWAYS_SEARCH_USER_PATHS = NO;
				CLANG_ANALYZER_NONNULL = YES;
				CLANG_ANALYZER_NUMBER_OBJECT_CONVERSION = YES_AGGRESSIVE;
				CLANG_CXX_LANGUAGE_STANDARD = "gnu++17";
				CLANG_ENABLE_MODULES = YES;
				CLANG_ENABLE_OBJC_ARC = YES;
				CLANG_ENABLE_OBJC_WEAK = YES;
				CLANG_WARN_BLOCK_CAPTURE_AUTORELEASING = YES;
				CLANG_WARN_BOOL_CONVERSION = YES;
				CLANG_WARN_COMMA = YES;
				CLANG_WARN_CONSTANT_CONVERSION = YES;
				CLANG_WARN_DEPRECATED_OBJC_IMPLEMENTATIONS = YES;
				CLANG_WARN_DIRECT_OBJC_ISA_USAGE = YES_ERROR;
				CLANG_WARN_DOCUMENTATION_COMMENTS = YES;
				CLANG_WARN_EMPTY_BODY = YES;
				CLANG_WARN_ENUM_CONVERSION = YES;
				CLANG_WARN_INFINITE_RECURSION = YES;
				CLANG_WARN_INT_CONVERSION = YES;
				CLANG_WARN_NON_LITERAL_NULL_CONVERSION = YES;
				CLANG_WARN_OBJC_IMPLICIT_RETAIN_SELF = YES;
				CLANG_WARN_OBJC_LITERAL_CONVERSION = YES;
				CLANG_WARN_OBJC_ROOT_CLASS = YES_ERROR;
				CLANG_WARN_QUOTED_INCLUDE_IN_FRAMEWORK_HEADER = YES;
				CLANG_WARN_RANGE_LOOP_ANALYSIS = YES;
				CLANG_WARN_STRICT_PROTOTYPES = YES;
				CLANG_WARN_SUSPICIOUS_MOVE = YES;
				CLANG_WARN_UNGUARDED_AVAILABILITY = YES_AGGRESSIVE;
				CLANG_WARN_UNREACHABLE_CODE = YES;
				CLANG_WARN__DUPLICATE_METHOD_MATCH = YES;
				COPY_PHASE_STRIP = NO;
				DEBUG_INFORMATION_FORMAT = "dwarf-with-dsym";
				ENABLE_NS_ASSERTIONS = NO;
				ENABLE_STRICT_OBJC_MSGSEND = YES;
				GCC_C_LANGUAGE_STANDARD = gnu11;
				GCC_NO_COMMON_BLOCKS = YES;
				GCC_WARN_64_TO_32_BIT_CONVERSION = YES;
				GCC_WARN_ABOUT_RETURN_TYPE = YES_ERROR;
				GCC_WARN_UNDECLARED_SELECTOR = YES;
				GCC_WARN_UNINITIALIZED_AUTOS = YES_AGGRESSIVE;
				GCC_WARN_UNUSED_FUNCTION = YES;
				GCC_WARN_UNUSED_VARIABLE = YES;
				IPHONEOS_DEPLOYMENT_TARGET = 15.5;
				MTL_ENABLE_DEBUG_INFO = NO;
				MTL_FAST_MATH = YES;
				SDKROOT = iphoneos;
				SWIFT_COMPILATION_MODE = wholemodule;
				SWIFT_OPTIMIZATION_LEVEL = "-O";
				VALIDATE_PRODUCT = YES;
			};
			name = Release;
		};
		CA93565328F163C7008A49C6 /* Debug */ = {
			isa = XCBuildConfiguration;
			buildSettings = {
				ASSETCATALOG_COMPILER_APPICON_NAME = AppIcon;
				ASSETCATALOG_COMPILER_GLOBAL_ACCENT_COLOR_NAME = AccentColor;
				CODE_SIGN_STYLE = Automatic;
				CURRENT_PROJECT_VERSION = 1;
				DEVELOPMENT_ASSET_PATHS = "\"swiftUI-Basic/Preview Content\"";
				DEVELOPMENT_TEAM = K7KZRR8J57;
				ENABLE_PREVIEWS = YES;
				GENERATE_INFOPLIST_FILE = YES;
				INFOPLIST_KEY_UIApplicationSceneManifest_Generation = YES;
				INFOPLIST_KEY_UIApplicationSupportsIndirectInputEvents = YES;
				INFOPLIST_KEY_UILaunchScreen_Generation = YES;
				INFOPLIST_KEY_UISupportedInterfaceOrientations_iPad = "UIInterfaceOrientationPortrait UIInterfaceOrientationPortraitUpsideDown UIInterfaceOrientationLandscapeLeft UIInterfaceOrientationLandscapeRight";
				INFOPLIST_KEY_UISupportedInterfaceOrientations_iPhone = "UIInterfaceOrientationPortrait UIInterfaceOrientationLandscapeLeft UIInterfaceOrientationLandscapeRight";
				LD_RUNPATH_SEARCH_PATHS = (
					"$(inherited)",
					"@executable_path/Frameworks",
				);
				MARKETING_VERSION = 1.0;
				PRODUCT_BUNDLE_IDENTIFIER = "net.kyuu.swiftUI-Basic";
				PRODUCT_NAME = "$(TARGET_NAME)";
				SWIFT_EMIT_LOC_STRINGS = YES;
				SWIFT_VERSION = 5.0;
				TARGETED_DEVICE_FAMILY = "1,2";
			};
			name = Debug;
		};
		CA93565428F163C7008A49C6 /* Release */ = {
			isa = XCBuildConfiguration;
			buildSettings = {
				ASSETCATALOG_COMPILER_APPICON_NAME = AppIcon;
				ASSETCATALOG_COMPILER_GLOBAL_ACCENT_COLOR_NAME = AccentColor;
				CODE_SIGN_STYLE = Automatic;
				CURRENT_PROJECT_VERSION = 1;
				DEVELOPMENT_ASSET_PATHS = "\"swiftUI-Basic/Preview Content\"";
				DEVELOPMENT_TEAM = K7KZRR8J57;
				ENABLE_PREVIEWS = YES;
				GENERATE_INFOPLIST_FILE = YES;
				INFOPLIST_KEY_UIApplicationSceneManifest_Generation = YES;
				INFOPLIST_KEY_UIApplicationSupportsIndirectInputEvents = YES;
				INFOPLIST_KEY_UILaunchScreen_Generation = YES;
				INFOPLIST_KEY_UISupportedInterfaceOrientations_iPad = "UIInterfaceOrientationPortrait UIInterfaceOrientationPortraitUpsideDown UIInterfaceOrientationLandscapeLeft UIInterfaceOrientationLandscapeRight";
				INFOPLIST_KEY_UISupportedInterfaceOrientations_iPhone = "UIInterfaceOrientationPortrait UIInterfaceOrientationLandscapeLeft UIInterfaceOrientationLandscapeRight";
				LD_RUNPATH_SEARCH_PATHS = (
					"$(inherited)",
					"@executable_path/Frameworks",
				);
				MARKETING_VERSION = 1.0;
				PRODUCT_BUNDLE_IDENTIFIER = "net.kyuu.swiftUI-Basic";
				PRODUCT_NAME = "$(TARGET_NAME)";
				SWIFT_EMIT_LOC_STRINGS = YES;
				SWIFT_VERSION = 5.0;
				TARGETED_DEVICE_FAMILY = "1,2";
			};
			name = Release;
		};
		CA93565628F163C7008A49C6 /* Debug */ = {
			isa = XCBuildConfiguration;
			buildSettings = {
				ALWAYS_EMBED_SWIFT_STANDARD_LIBRARIES = YES;
				BUNDLE_LOADER = "$(TEST_HOST)";
				CODE_SIGN_STYLE = Automatic;
				CURRENT_PROJECT_VERSION = 1;
				DEVELOPMENT_TEAM = K7KZRR8J57;
				GENERATE_INFOPLIST_FILE = YES;
				IPHONEOS_DEPLOYMENT_TARGET = 15.5;
				MARKETING_VERSION = 1.0;
				PRODUCT_BUNDLE_IDENTIFIER = "net.kyuu.swiftUI-BasicTests";
				PRODUCT_NAME = "$(TARGET_NAME)";
				SWIFT_EMIT_LOC_STRINGS = NO;
				SWIFT_VERSION = 5.0;
				TARGETED_DEVICE_FAMILY = "1,2";
				TEST_HOST = "$(BUILT_PRODUCTS_DIR)/swiftUI-Basic.app/swiftUI-Basic";
			};
			name = Debug;
		};
		CA93565728F163C7008A49C6 /* Release */ = {
			isa = XCBuildConfiguration;
			buildSettings = {
				ALWAYS_EMBED_SWIFT_STANDARD_LIBRARIES = YES;
				BUNDLE_LOADER = "$(TEST_HOST)";
				CODE_SIGN_STYLE = Automatic;
				CURRENT_PROJECT_VERSION = 1;
				DEVELOPMENT_TEAM = K7KZRR8J57;
				GENERATE_INFOPLIST_FILE = YES;
				IPHONEOS_DEPLOYMENT_TARGET = 15.5;
				MARKETING_VERSION = 1.0;
				PRODUCT_BUNDLE_IDENTIFIER = "net.kyuu.swiftUI-BasicTests";
				PRODUCT_NAME = "$(TARGET_NAME)";
				SWIFT_EMIT_LOC_STRINGS = NO;
				SWIFT_VERSION = 5.0;
				TARGETED_DEVICE_FAMILY = "1,2";
				TEST_HOST = "$(BUILT_PRODUCTS_DIR)/swiftUI-Basic.app/swiftUI-Basic";
			};
			name = Release;
		};
		CA93565928F163C7008A49C6 /* Debug */ = {
			isa = XCBuildConfiguration;
			buildSettings = {
				ALWAYS_EMBED_SWIFT_STANDARD_LIBRARIES = YES;
				CODE_SIGN_STYLE = Automatic;
				CURRENT_PROJECT_VERSION = 1;
				DEVELOPMENT_TEAM = K7KZRR8J57;
				GENERATE_INFOPLIST_FILE = YES;
				MARKETING_VERSION = 1.0;
				PRODUCT_BUNDLE_IDENTIFIER = "net.kyuu.swiftUI-BasicUITests";
				PRODUCT_NAME = "$(TARGET_NAME)";
				SWIFT_EMIT_LOC_STRINGS = NO;
				SWIFT_VERSION = 5.0;
				TARGETED_DEVICE_FAMILY = "1,2";
				TEST_TARGET_NAME = "swiftUI-Basic";
			};
			name = Debug;
		};
		CA93565A28F163C7008A49C6 /* Release */ = {
			isa = XCBuildConfiguration;
			buildSettings = {
				ALWAYS_EMBED_SWIFT_STANDARD_LIBRARIES = YES;
				CODE_SIGN_STYLE = Automatic;
				CURRENT_PROJECT_VERSION = 1;
				DEVELOPMENT_TEAM = K7KZRR8J57;
				GENERATE_INFOPLIST_FILE = YES;
				MARKETING_VERSION = 1.0;
				PRODUCT_BUNDLE_IDENTIFIER = "net.kyuu.swiftUI-BasicUITests";
				PRODUCT_NAME = "$(TARGET_NAME)";
				SWIFT_EMIT_LOC_STRINGS = NO;
				SWIFT_VERSION = 5.0;
				TARGETED_DEVICE_FAMILY = "1,2";
				TEST_TARGET_NAME = "swiftUI-Basic";
			};
			name = Release;
		};
/* End XCBuildConfiguration section */

/* Begin XCConfigurationList section */
		CA93562928F163C4008A49C6 /* Build configuration list for PBXProject "swiftUI-Basic" */ = {
			isa = XCConfigurationList;
			buildConfigurations = (
				CA93565028F163C7008A49C6 /* Debug */,
				CA93565128F163C7008A49C6 /* Release */,
			);
			defaultConfigurationIsVisible = 0;
			defaultConfigurationName = Release;
		};
		CA93565228F163C7008A49C6 /* Build configuration list for PBXNativeTarget "swiftUI-Basic" */ = {
			isa = XCConfigurationList;
			buildConfigurations = (
				CA93565328F163C7008A49C6 /* Debug */,
				CA93565428F163C7008A49C6 /* Release */,
			);
			defaultConfigurationIsVisible = 0;
			defaultConfigurationName = Release;
		};
		CA93565528F163C7008A49C6 /* Build configuration list for PBXNativeTarget "swiftUI-BasicTests" */ = {
			isa = XCConfigurationList;
			buildConfigurations = (
				CA93565628F163C7008A49C6 /* Debug */,
				CA93565728F163C7008A49C6 /* Release */,
			);
			defaultConfigurationIsVisible = 0;
			defaultConfigurationName = Release;
		};
		CA93565828F163C7008A49C6 /* Build configuration list for PBXNativeTarget "swiftUI-BasicUITests" */ = {
			isa = XCConfigurationList;
			buildConfigurations = (
				CA93565928F163C7008A49C6 /* Debug */,
				CA93565A28F163C7008A49C6 /* Release */,
			);
			defaultConfigurationIsVisible = 0;
			defaultConfigurationName = Release;
		};
/* End XCConfigurationList section */
	};
	rootObject = CA93562628F163C4008A49C6 /* Project object */;
}
